
Microsoft Visual Studio Solution File, Format Version 12.00
# Visual Studio Version 17
VisualStudioVersion = 17.14.36221.1 d17.14
MinimumVisualStudioVersion = 10.0.40219.1
Project("{FAE04EC0-301F-11D3-BF4B-00C04F79EFBC}") = "FirstProject", "FirstProject\FirstProject.csproj", "{8C56E2F2-81FE-4518-934F-89819982D77B}"
EndProject
Global
	GlobalSection(SolutionConfigurationPlatforms) = preSolution
		Debug|Any CPU = Debug|Any CPU
		Release|Any CPU = Release|Any CPU
	EndGlobalSection
	GlobalSection(ProjectConfigurationPlatforms) = postSolution
		{8C56E2F2-81FE-4518-934F-89819982D77B}.Debug|Any CPU.ActiveCfg = Debug|Any CPU
		{8C56E2F2-81FE-4518-934F-89819982D77B}.Debug|Any CPU.Build.0 = Debug|Any CPU
		{8C56E2F2-81FE-4518-934F-89819982D77B}.Release|Any CPU.ActiveCfg = Release|Any CPU
		{8C56E2F2-81FE-4518-934F-89819982D77B}.Release|Any CPU.Build.0 = Release|Any CPU
	EndGlobalSection
	GlobalSection(SolutionProperties) = preSolution
		HideSolutionNode = FALSE
	EndGlobalSection
	GlobalSection(ExtensibilityGlobals) = postSolution
		SolutionGuid = {08ED9E87-C415-43CC-AE02-6E16A311FBE5}
	EndGlobalSection
EndGlobal
